{
  "version": 4,
  "terraform_version": "1.6.6",
  "serial": 49,
  "lineage": "4144178d-f54e-8dd8-8f35-7e4f6cd49d26",
  "outputs": {
    "urloutuput": {
      "value": "https://github.com/deep3001/third-repo-using-terraform",
      "type": "string"
    }
  },
  "resources": [
    {
      "mode": "managed",
      "type": "github_repository",
      "name": "terraform-first-repo",
      "provider": "provider[\"registry.terraform.io/hashicorp/github\"]",
      "instances": [
        {
          "schema_version": 1,
          "attributes": {
            "allow_auto_merge": false,
            "allow_merge_commit": false,
            "allow_rebase_merge": false,
            "allow_squash_merge": false,
            "allow_update_branch": false,
            "archive_on_destroy": null,
            "archived": false,
            "auto_init": true,
            "default_branch": "main",
            "delete_branch_on_merge": false,
            "description": "This is My first repo created by terraform",
            "etag": "W/\"abce97e5fb545c3b7e7fbf2c45bfb5d3c37aaa74c741cdec4f9c35870c2d837a\"",
            "full_name": "deep3001/Terraform-Learnings",
            "git_clone_url": "git://github.com/deep3001/Terraform-Learnings.git",
            "gitignore_template": null,
            "has_discussions": false,
            "has_downloads": false,
            "has_issues": false,
            "has_projects": false,
            "has_wiki": false,
            "homepage_url": "",
            "html_url": "https://github.com/deep3001/Terraform-Learnings",
            "http_clone_url": "https://github.com/deep3001/Terraform-Learnings.git",
            "id": "Terraform-Learnings",
            "ignore_vulnerability_alerts_during_read": null,
            "is_template": false,
            "license_template": null,
            "merge_commit_message": "",
            "merge_commit_title": "",
            "name": "Terraform-Learnings",
            "node_id": "R_kgDOLF9kRg",
            "pages": [],
            "primary_language": "HCL",
            "private": false,
            "repo_id": 744449094,
            "security_and_analysis": [],
            "squash_merge_commit_message": "",
            "squash_merge_commit_title": "",
            "ssh_clone_url": "git@github.com:deep3001/Terraform-Learnings.git",
            "svn_url": "https://github.com/deep3001/Terraform-Learnings",
            "template": [],
            "topics": [],
            "visibility": "public",
            "vulnerability_alerts": false,
            "web_commit_signoff_required": false
          },
          "sensitive_attributes": [],
          "private": "eyJzY2hlbWFfdmVyc2lvbiI6IjEifQ=="
        }
      ]
    },
    {
      "mode": "managed",
      "type": "github_repository",
      "name": "terraform-first-repo3",
      "provider": "provider[\"registry.terraform.io/integrations/github\"]",
      "instances": [
        {
          "schema_version": 1,
          "attributes": {
            "allow_auto_merge": false,
            "allow_merge_commit": true,
            "allow_rebase_merge": true,
            "allow_squash_merge": true,
            "allow_update_branch": false,
            "archive_on_destroy": null,
            "archived": false,
            "auto_init": true,
            "default_branch": "main",
            "delete_branch_on_merge": false,
            "description": "This is My Third repo created  by terraform",
            "etag": "W/\"8f96423d99f33ef63961975fadf87c2ae65047f806247a4964e2bd8582bcb2e0\"",
            "full_name": "deep3001/third-repo-using-terraform",
            "git_clone_url": "git://github.com/deep3001/third-repo-using-terraform.git",
            "gitignore_template": null,
            "has_discussions": false,
            "has_downloads": false,
            "has_issues": false,
            "has_projects": false,
            "has_wiki": false,
            "homepage_url": "",
            "html_url": "https://github.com/deep3001/third-repo-using-terraform",
            "http_clone_url": "https://github.com/deep3001/third-repo-using-terraform.git",
            "id": "third-repo-using-terraform",
            "ignore_vulnerability_alerts_during_read": null,
            "is_template": false,
            "license_template": null,
            "merge_commit_message": "PR_TITLE",
            "merge_commit_title": "MERGE_MESSAGE",
            "name": "third-repo-using-terraform",
            "node_id": "R_kgDOLF_6Sg",
            "pages": [],
            "primary_language": "",
            "private": true,
            "repo_id": 744487498,
            "security_and_analysis": [],
            "squash_merge_commit_message": "COMMIT_MESSAGES",
            "squash_merge_commit_title": "COMMIT_OR_PR_TITLE",
            "ssh_clone_url": "git@github.com:deep3001/third-repo-using-terraform.git",
            "svn_url": "https://github.com/deep3001/third-repo-using-terraform",
            "template": [],
            "topics": [],
            "visibility": "private",
            "vulnerability_alerts": false,
            "web_commit_signoff_required": false
          },
          "sensitive_attributes": [],
          "private": "eyJzY2hlbWFfdmVyc2lvbiI6IjEifQ=="
        }
      ]
    }
  ],
  "check_results": null
}
