{
  "version": 4,
  "terraform_version": "1.6.6",
  "serial": 21,
  "lineage": "4144178d-f54e-8dd8-8f35-7e4f6cd49d26",
  "outputs": {},
  "resources": [
    {
      "mode": "managed",
      "type": "github_repository",
      "name": "terraform-first-repo",
      "provider": "provider[\"registry.terraform.io/hashicorp/github\"]",
      "instances": [
        {
          "schema_version": 1,
          "attributes": {
            "allow_auto_merge": false,
            "allow_merge_commit": true,
            "allow_rebase_merge": true,
            "allow_squash_merge": true,
            "allow_update_branch": false,
            "archive_on_destroy": null,
            "archived": false,
            "auto_init": true,
            "default_branch": "main",
            "delete_branch_on_merge": false,
            "description": "This is My first repo created by terraform",
            "etag": "W/\"9dee4c4cc0ba8498b7a6d130d53033e1d623214052e0109c87e3c0f139a86a79\"",
            "full_name": "deep3001/Terraform-Learnings",
            "git_clone_url": "git://github.com/deep3001/Terraform-Learnings.git",
            "gitignore_template": null,
            "has_discussions": false,
            "has_downloads": false,
            "has_issues": false,
            "has_projects": false,
            "has_wiki": false,
            "homepage_url": "",
            "html_url": "https://github.com/deep3001/Terraform-Learnings",
            "http_clone_url": "https://github.com/deep3001/Terraform-Learnings.git",
            "id": "Terraform-Learnings",
            "ignore_vulnerability_alerts_during_read": null,
            "is_template": false,
            "license_template": null,
            "merge_commit_message": "PR_TITLE",
            "merge_commit_title": "MERGE_MESSAGE",
            "name": "Terraform-Learnings",
            "node_id": "R_kgDOLF9kRg",
            "pages": [],
            "primary_language": "",
            "private": false,
            "repo_id": 744449094,
            "security_and_analysis": [
              {
                "advanced_security": [],
                "secret_scanning": [
                  {
                    "status": "disabled"
                  }
                ],
                "secret_scanning_push_protection": [
                  {
                    "status": "disabled"
                  }
                ]
              }
            ],
            "squash_merge_commit_message": "COMMIT_MESSAGES",
            "squash_merge_commit_title": "COMMIT_OR_PR_TITLE",
            "ssh_clone_url": "git@github.com:deep3001/Terraform-Learnings.git",
            "svn_url": "https://github.com/deep3001/Terraform-Learnings",
            "template": [],
            "topics": [],
            "visibility": "public",
            "vulnerability_alerts": false,
            "web_commit_signoff_required": false
          },
          "sensitive_attributes": [],
          "private": "eyJzY2hlbWFfdmVyc2lvbiI6IjEifQ=="
        }
      ]
    }
  ],
  "check_results": null
}
