{
  "version": 4,
  "terraform_version": "1.6.6",
  "serial": 18,
  "lineage": "4144178d-f54e-8dd8-8f35-7e4f6cd49d26",
  "outputs": {},
  "resources": [
    {
      "mode": "managed",
      "type": "github_repository",
      "name": "terraform-first-repo3",
      "provider": "provider[\"registry.terraform.io/hashicorp/github\"]",
      "instances": [
        {
          "schema_version": 1,
          "attributes": {
            "allow_auto_merge": false,
            "allow_merge_commit": true,
            "allow_rebase_merge": true,
            "allow_squash_merge": true,
            "allow_update_branch": false,
            "archive_on_destroy": null,
            "archived": false,
            "auto_init": true,
            "default_branch": "main",
            "delete_branch_on_merge": false,
            "description": "This is My first repo created by terraform",
            "etag": "W/\"7df1b929769f2a07c9553a0e2c937e5298dae21b8d1376fd9e57734a4d3d4a8f\"",
            "full_name": "deep3001/third-repo-using-terraform",
            "git_clone_url": "git://github.com/deep3001/third-repo-using-terraform.git",
            "gitignore_template": null,
            "has_discussions": false,
            "has_downloads": false,
            "has_issues": false,
            "has_projects": false,
            "has_wiki": false,
            "homepage_url": "",
            "html_url": "https://github.com/deep3001/third-repo-using-terraform",
            "http_clone_url": "https://github.com/deep3001/third-repo-using-terraform.git",
            "id": "third-repo-using-terraform",
            "ignore_vulnerability_alerts_during_read": null,
            "is_template": false,
            "license_template": null,
            "merge_commit_message": "PR_TITLE",
            "merge_commit_title": "MERGE_MESSAGE",
            "name": "third-repo-using-terraform",
            "node_id": "R_kgDOLF82Og",
            "pages": [],
            "primary_language": "",
            "private": true,
            "repo_id": 744437306,
            "security_and_analysis": [],
            "squash_merge_commit_message": "COMMIT_MESSAGES",
            "squash_merge_commit_title": "COMMIT_OR_PR_TITLE",
            "ssh_clone_url": "git@github.com:deep3001/third-repo-using-terraform.git",
            "svn_url": "https://github.com/deep3001/third-repo-using-terraform",
            "template": [],
            "topics": [],
            "visibility": "private",
            "vulnerability_alerts": false,
            "web_commit_signoff_required": false
          },
          "sensitive_attributes": [],
          "private": "eyJzY2hlbWFfdmVyc2lvbiI6IjEifQ=="
        }
      ]
    }
  ],
  "check_results": null
}
